{
  "name": "aws-nodejs",
  "version": "1.0.1",
  "lockfileVersion": 1,
  "requires": true,
  "dependencies": {
    "aws-regions": {
      "version": "2.0.0",
      "resolved": "https://registry.npmjs.org/aws-regions/-/aws-regions-2.0.0.tgz",
      "integrity": "sha512-+Pw3Q04bOH+0XafXxDKtb/IzwNrMmTqpvj/hgh0pdDOCXzKbkGueFUA6JAw6VlLiLbOMpJZTXM752uuobcGhIA=="
    }
  }
}
